
Microsoft Visual Studio Solution File, Format Version 12.00
# Visual Studio Version 17
VisualStudioVersion = 17.0.31903.59
MinimumVisualStudioVersion = 10.0.40219.1
Project("{9A19103F-16F7-4668-BE54-9A1E7A4F7556}") = "CourseHub.UI", "CourseHub.UI.csproj", "{5AC52955-48EE-4039-87B0-4A9AB271CB83}"
EndProject
Project("{9A19103F-16F7-4668-BE54-9A1E7A4F7556}") = "CourseHub.API", "..\CourseHub.API\CourseHub.API.csproj", "{BB2E740B-9A54-4056-B85B-2DD50696C00A}"
EndProject
Project("{9A19103F-16F7-4668-BE54-9A1E7A4F7556}") = "CourseHub.Core", "..\CourseHub.Core\CourseHub.Core.csproj", "{1E5AA172-B89B-48DE-B4D6-2982E2AA4E62}"
EndProject
Project("{9A19103F-16F7-4668-BE54-9A1E7A4F7556}") = "CourseHub.Infrastructure", "..\CourseHub.Infrastructure\CourseHub.Infrastructure.csproj", "{1D78D337-9353-41DF-BCDE-BCF75D5D73D3}"
EndProject
Global
	GlobalSection(SolutionConfigurationPlatforms) = preSolution
		Debug|Any CPU = Debug|Any CPU
		Release|Any CPU = Release|Any CPU
	EndGlobalSection
	GlobalSection(ProjectConfigurationPlatforms) = postSolution
		{5AC52955-48EE-4039-87B0-4A9AB271CB83}.Debug|Any CPU.ActiveCfg = Debug|Any CPU
		{5AC52955-48EE-4039-87B0-4A9AB271CB83}.Debug|Any CPU.Build.0 = Debug|Any CPU
		{5AC52955-48EE-4039-87B0-4A9AB271CB83}.Release|Any CPU.ActiveCfg = Release|Any CPU
		{5AC52955-48EE-4039-87B0-4A9AB271CB83}.Release|Any CPU.Build.0 = Release|Any CPU
		{BB2E740B-9A54-4056-B85B-2DD50696C00A}.Debug|Any CPU.ActiveCfg = Debug|Any CPU
		{BB2E740B-9A54-4056-B85B-2DD50696C00A}.Debug|Any CPU.Build.0 = Debug|Any CPU
		{BB2E740B-9A54-4056-B85B-2DD50696C00A}.Release|Any CPU.ActiveCfg = Release|Any CPU
		{BB2E740B-9A54-4056-B85B-2DD50696C00A}.Release|Any CPU.Build.0 = Release|Any CPU
		{1E5AA172-B89B-48DE-B4D6-2982E2AA4E62}.Debug|Any CPU.ActiveCfg = Debug|Any CPU
		{1E5AA172-B89B-48DE-B4D6-2982E2AA4E62}.Debug|Any CPU.Build.0 = Debug|Any CPU
		{1E5AA172-B89B-48DE-B4D6-2982E2AA4E62}.Release|Any CPU.ActiveCfg = Release|Any CPU
		{1E5AA172-B89B-48DE-B4D6-2982E2AA4E62}.Release|Any CPU.Build.0 = Release|Any CPU
		{1D78D337-9353-41DF-BCDE-BCF75D5D73D3}.Debug|Any CPU.ActiveCfg = Debug|Any CPU
		{1D78D337-9353-41DF-BCDE-BCF75D5D73D3}.Debug|Any CPU.Build.0 = Debug|Any CPU
		{1D78D337-9353-41DF-BCDE-BCF75D5D73D3}.Release|Any CPU.ActiveCfg = Release|Any CPU
		{1D78D337-9353-41DF-BCDE-BCF75D5D73D3}.Release|Any CPU.Build.0 = Release|Any CPU
	EndGlobalSection
	GlobalSection(SolutionProperties) = preSolution
		HideSolutionNode = FALSE
	EndGlobalSection
EndGlobal
